// !$*UTF8*$!
{
	archiveVersion = 1;
	classes = {
	};
	objectVersion = 50;
	objects = {

/* Begin PBXBuildFile section */
		A96B5F6724694B9800D17199 /* AppDelegate.swift in Sources */ = {isa = PBXBuildFile; fileRef = A96B5F6624694B9800D17199 /* AppDelegate.swift */; };
		A96B5F6924694B9800D17199 /* SceneDelegate.swift in Sources */ = {isa = PBXBuildFile; fileRef = A96B5F6824694B9800D17199 /* SceneDelegate.swift */; };
		A96B5F6B24694B9800D17199 /* ViewController.swift in Sources */ = {isa = PBXBuildFile; fileRef = A96B5F6A24694B9800D17199 /* ViewController.swift */; };
		A96B5F6E24694B9800D17199 /* Main.storyboard in Resources */ = {isa = PBXBuildFile; fileRef = A96B5F6C24694B9800D17199 /* Main.storyboard */; };
		A96B5F7124694B9800D17199 /* bicalms.xcdatamodeld in Sources */ = {isa = PBXBuildFile; fileRef = A96B5F6F24694B9800D17199 /* bicalms.xcdatamodeld */; };
		A96B5F7324694B9C00D17199 /* Assets.xcassets in Resources */ = {isa = PBXBuildFile; fileRef = A96B5F7224694B9C00D17199 /* Assets.xcassets */; };
		A96B5F7624694B9C00D17199 /* LaunchScreen.storyboard in Resources */ = {isa = PBXBuildFile; fileRef = A96B5F7424694B9C00D17199 /* LaunchScreen.storyboard */; };
/* End PBXBuildFile section */

/* Begin PBXFileReference section */
		A96B5F6324694B9800D17199 /* bicalms.app */ = {isa = PBXFileReference; explicitFileType = wrapper.application; includeInIndex = 0; path = bicalms.app; sourceTree = BUILT_PRODUCTS_DIR; };
		A96B5F6624694B9800D17199 /* AppDelegate.swift */ = {isa = PBXFileReference; lastKnownFileType = sourcecode.swift; path = AppDelegate.swift; sourceTree = "<group>"; };
		A96B5F6824694B9800D17199 /* SceneDelegate.swift */ = {isa = PBXFileReference; lastKnownFileType = sourcecode.swift; path = SceneDelegate.swift; sourceTree = "<group>"; };
		A96B5F6A24694B9800D17199 /* ViewController.swift */ = {isa = PBXFileReference; lastKnownFileType = sourcecode.swift; path = ViewController.swift; sourceTree = "<group>"; };
		A96B5F6D24694B9800D17199 /* Base */ = {isa = PBXFileReference; lastKnownFileType = file.storyboard; name = Base; path = Base.lproj/Main.storyboard; sourceTree = "<group>"; };
		A96B5F7024694B9800D17199 /* bicalms.xcdatamodel */ = {isa = PBXFileReference; lastKnownFileType = wrapper.xcdatamodel; path = bicalms.xcdatamodel; sourceTree = "<group>"; };
		A96B5F7224694B9C00D17199 /* Assets.xcassets */ = {isa = PBXFileReference; lastKnownFileType = folder.assetcatalog; path = Assets.xcassets; sourceTree = "<group>"; };
		A96B5F7524694B9C00D17199 /* Base */ = {isa = PBXFileReference; lastKnownFileType = file.storyboard; name = Base; path = Base.lproj/LaunchScreen.storyboard; sourceTree = "<group>"; };
		A96B5F7724694B9C00D17199 /* Info.plist */ = {isa = PBXFileReference; lastKnownFileType = text.plist.xml; path = Info.plist; sourceTree = "<group>"; };
/* End PBXFileReference section */

/* Begin PBXFrameworksBuildPhase section */
		A96B5F6024694B9800D17199 /* Frameworks */ = {
			isa = PBXFrameworksBuildPhase;
			buildActionMask = 2147483647;
			files = (
			);
			runOnlyForDeploymentPostprocessing = 0;
		};
/* End PBXFrameworksBuildPhase section */

/* Begin PBXGroup section */
		A96B5F5A24694B9800D17199 = {
			isa = PBXGroup;
			children = (
				A96B5F6524694B9800D17199 /* bicalms */,
				A96B5F6424694B9800D17199 /* Products */,
			);
			sourceTree = "<group>";
		};
		A96B5F6424694B9800D17199 /* Products */ = {
			isa = PBXGroup;
			children = (
				A96B5F6324694B9800D17199 /* bicalms.app */,
			);
			name = Products;
			sourceTree = "<group>";
		};
		A96B5F6524694B9800D17199 /* bicalms */ = {
			isa = PBXGroup;
			children = (
				A96B5F6624694B9800D17199 /* AppDelegate.swift */,
				A96B5F6824694B9800D17199 /* SceneDelegate.swift */,
				A96B5F6A24694B9800D17199 /* ViewController.swift */,
				A96B5F6C24694B9800D17199 /* Main.storyboard */,
				A96B5F7224694B9C00D17199 /* Assets.xcassets */,
				A96B5F7424694B9C00D17199 /* LaunchScreen.storyboard */,
				A96B5F7724694B9C00D17199 /* Info.plist */,
				A96B5F6F24694B9800D17199 /* bicalms.xcdatamodeld */,
			);
			path = bicalms;
			sourceTree = "<group>";
		};
/* End PBXGroup section */

/* Begin PBXNativeTarget section */
		A96B5F6224694B9800D17199 /* bicalms */ = {
			isa = PBXNativeTarget;
			buildConfigurationList = A96B5F7A24694B9C00D17199 /* Build configuration list for PBXNativeTarget "bicalms" */;
			buildPhases = (
				A96B5F5F24694B9800D17199 /* Sources */,
				A96B5F6024694B9800D17199 /* Frameworks */,
				A96B5F6124694B9800D17199 /* Resources */,
			);
			buildRules = (
			);
			dependencies = (
			);
			name = bicalms;
			productName = bicalms;
			productReference = A96B5F6324694B9800D17199 /* bicalms.app */;
			productType = "com.apple.product-type.application";
		};
/* End PBXNativeTarget section */

/* Begin PBXProject section */
		A96B5F5B24694B9800D17199 /* Project object */ = {
			isa = PBXProject;
			attributes = {
				LastSwiftUpdateCheck = 1140;
				LastUpgradeCheck = 1140;
				ORGANIZATIONNAME = "michael tamsil";
				TargetAttributes = {
					A96B5F6224694B9800D17199 = {
						CreatedOnToolsVersion = 11.4;
					};
				};
			};
			buildConfigurationList = A96B5F5E24694B9800D17199 /* Build configuration list for PBXProject "bicalms" */;
			compatibilityVersion = "Xcode 9.3";
			developmentRegion = en;
			hasScannedForEncodings = 0;
			knownRegions = (
				en,
				Base,
			);
			mainGroup = A96B5F5A24694B9800D17199;
			productRefGroup = A96B5F6424694B9800D17199 /* Products */;
			projectDirPath = "";
			projectRoot = "";
			targets = (
				A96B5F6224694B9800D17199 /* bicalms */,
			);
		};
/* End PBXProject section */

/* Begin PBXResourcesBuildPhase section */
		A96B5F6124694B9800D17199 /* Resources */ = {
			isa = PBXResourcesBuildPhase;
			buildActionMask = 2147483647;
			files = (
				A96B5F7624694B9C00D17199 /* LaunchScreen.storyboard in Resources */,
				A96B5F7324694B9C00D17199 /* Assets.xcassets in Resources */,
				A96B5F6E24694B9800D17199 /* Main.storyboard in Resources */,
			);
			runOnlyForDeploymentPostprocessing = 0;
		};
/* End PBXResourcesBuildPhase section */

/* Begin PBXSourcesBuildPhase section */
		A96B5F5F24694B9800D17199 /* Sources */ = {
			isa = PBXSourcesBuildPhase;
			buildActionMask = 2147483647;
			files = (
				A96B5F6B24694B9800D17199 /* ViewController.swift in Sources */,
				A96B5F6724694B9800D17199 /* AppDelegate.swift in Sources */,
				A96B5F6924694B9800D17199 /* SceneDelegate.swift in Sources */,
				A96B5F7124694B9800D17199 /* bicalms.xcdatamodeld in Sources */,
			);
			runOnlyForDeploymentPostprocessing = 0;
		};
/* End PBXSourcesBuildPhase section */

/* Begin PBXVariantGroup section */
		A96B5F6C24694B9800D17199 /* Main.storyboard */ = {
			isa = PBXVariantGroup;
			children = (
				A96B5F6D24694B9800D17199 /* Base */,
			);
			name = Main.storyboard;
			sourceTree = "<group>";
		};
		A96B5F7424694B9C00D17199 /* LaunchScreen.storyboard */ = {
			isa = PBXVariantGroup;
			children = (
				A96B5F7524694B9C00D17199 /* Base */,
			);
			name = LaunchScreen.storyboard;
			sourceTree = "<group>";
		};
/* End PBXVariantGroup section */

/* Begin XCBuildConfiguration section */
		A96B5F7824694B9C00D17199 /* Debug */ = {
			isa = XCBuildConfiguration;
			buildSettings = {
				ALWAYS_SEARCH_USER_PATHS = NO;
				CLANG_ANALYZER_NONNULL = YES;
				CLANG_ANALYZER_NUMBER_OBJECT_CONVERSION = YES_AGGRESSIVE;
				CLANG_CXX_LANGUAGE_STANDARD = "gnu++14";
				CLANG_CXX_LIBRARY = "libc++";
				CLANG_ENABLE_MODULES = YES;
				CLANG_ENABLE_OBJC_ARC = YES;
				CLANG_ENABLE_OBJC_WEAK = YES;
				CLANG_WARN_BLOCK_CAPTURE_AUTORELEASING = YES;
				CLANG_WARN_BOOL_CONVERSION = YES;
				CLANG_WARN_COMMA = YES;
				CLANG_WARN_CONSTANT_CONVERSION = YES;
				CLANG_WARN_DEPRECATED_OBJC_IMPLEMENTATIONS = YES;
				CLANG_WARN_DIRECT_OBJC_ISA_USAGE = YES_ERROR;
				CLANG_WARN_DOCUMENTATION_COMMENTS = YES;
				CLANG_WARN_EMPTY_BODY = YES;
				CLANG_WARN_ENUM_CONVERSION = YES;
				CLANG_WARN_INFINITE_RECURSION = YES;
				CLANG_WARN_INT_CONVERSION = YES;
				CLANG_WARN_NON_LITERAL_NULL_CONVERSION = YES;
				CLANG_WARN_OBJC_IMPLICIT_RETAIN_SELF = YES;
				CLANG_WARN_OBJC_LITERAL_CONVERSION = YES;
				CLANG_WARN_OBJC_ROOT_CLASS = YES_ERROR;
				CLANG_WARN_RANGE_LOOP_ANALYSIS = YES;
				CLANG_WARN_STRICT_PROTOTYPES = YES;
				CLANG_WARN_SUSPICIOUS_MOVE = YES;
				CLANG_WARN_UNGUARDED_AVAILABILITY = YES_AGGRESSIVE;
				CLANG_WARN_UNREACHABLE_CODE = YES;
				CLANG_WARN__DUPLICATE_METHOD_MATCH = YES;
				COPY_PHASE_STRIP = NO;
				DEBUG_INFORMATION_FORMAT = dwarf;
				ENABLE_STRICT_OBJC_MSGSEND = YES;
				ENABLE_TESTABILITY = YES;
				GCC_C_LANGUAGE_STANDARD = gnu11;
				GCC_DYNAMIC_NO_PIC = NO;
				GCC_NO_COMMON_BLOCKS = YES;
				GCC_OPTIMIZATION_LEVEL = 0;
				GCC_PREPROCESSOR_DEFINITIONS = (
					"DEBUG=1",
					"$(inherited)",
				);
				GCC_WARN_64_TO_32_BIT_CONVERSION = YES;
				GCC_WARN_ABOUT_RETURN_TYPE = YES_ERROR;
				GCC_WARN_UNDECLARED_SELECTOR = YES;
				GCC_WARN_UNINITIALIZED_AUTOS = YES_AGGRESSIVE;
				GCC_WARN_UNUSED_FUNCTION = YES;
				GCC_WARN_UNUSED_VARIABLE = YES;
				IPHONEOS_DEPLOYMENT_TARGET = 13.4;
				MTL_ENABLE_DEBUG_INFO = INCLUDE_SOURCE;
				MTL_FAST_MATH = YES;
				ONLY_ACTIVE_ARCH = YES;
				SDKROOT = iphoneos;
				SWIFT_ACTIVE_COMPILATION_CONDITIONS = DEBUG;
				SWIFT_OPTIMIZATION_LEVEL = "-Onone";
			};
			name = Debug;
		};
		A96B5F7924694B9C00D17199 /* Release */ = {
			isa = XCBuildConfiguration;
			buildSettings = {
				ALWAYS_SEARCH_USER_PATHS = NO;
				CLANG_ANALYZER_NONNULL = YES;
				CLANG_ANALYZER_NUMBER_OBJECT_CONVERSION = YES_AGGRESSIVE;
				CLANG_CXX_LANGUAGE_STANDARD = "gnu++14";
				CLANG_CXX_LIBRARY = "libc++";
				CLANG_ENABLE_MODULES = YES;
				CLANG_ENABLE_OBJC_ARC = YES;
				CLANG_ENABLE_OBJC_WEAK = YES;
				CLANG_WARN_BLOCK_CAPTURE_AUTORELEASING = YES;
				CLANG_WARN_BOOL_CONVERSION = YES;
				CLANG_WARN_COMMA = YES;
				CLANG_WARN_CONSTANT_CONVERSION = YES;
				CLANG_WARN_DEPRECATED_OBJC_IMPLEMENTATIONS = YES;
				CLANG_WARN_DIRECT_OBJC_ISA_USAGE = YES_ERROR;
				CLANG_WARN_DOCUMENTATION_COMMENTS = YES;
				CLANG_WARN_EMPTY_BODY = YES;
				CLANG_WARN_ENUM_CONVERSION = YES;
				CLANG_WARN_INFINITE_RECURSION = YES;
				CLANG_WARN_INT_CONVERSION = YES;
				CLANG_WARN_NON_LITERAL_NULL_CONVERSION = YES;
				CLANG_WARN_OBJC_IMPLICIT_RETAIN_SELF = YES;
				CLANG_WARN_OBJC_LITERAL_CONVERSION = YES;
				CLANG_WARN_OBJC_ROOT_CLASS = YES_ERROR;
				CLANG_WARN_RANGE_LOOP_ANALYSIS = YES;
				CLANG_WARN_STRICT_PROTOTYPES = YES;
				CLANG_WARN_SUSPICIOUS_MOVE = YES;
				CLANG_WARN_UNGUARDED_AVAILABILITY = YES_AGGRESSIVE;
				CLANG_WARN_UNREACHABLE_CODE = YES;
				CLANG_WARN__DUPLICATE_METHOD_MATCH = YES;
				COPY_PHASE_STRIP = NO;
				DEBUG_INFORMATION_FORMAT = "dwarf-with-dsym";
				ENABLE_NS_ASSERTIONS = NO;
				ENABLE_STRICT_OBJC_MSGSEND = YES;
				GCC_C_LANGUAGE_STANDARD = gnu11;
				GCC_NO_COMMON_BLOCKS = YES;
				GCC_WARN_64_TO_32_BIT_CONVERSION = YES;
				GCC_WARN_ABOUT_RETURN_TYPE = YES_ERROR;
				GCC_WARN_UNDECLARED_SELECTOR = YES;
				GCC_WARN_UNINITIALIZED_AUTOS = YES_AGGRESSIVE;
				GCC_WARN_UNUSED_FUNCTION = YES;
				GCC_WARN_UNUSED_VARIABLE = YES;
				IPHONEOS_DEPLOYMENT_TARGET = 13.4;
				MTL_ENABLE_DEBUG_INFO = NO;
				MTL_FAST_MATH = YES;
				SDKROOT = iphoneos;
				SWIFT_COMPILATION_MODE = wholemodule;
				SWIFT_OPTIMIZATION_LEVEL = "-O";
				VALIDATE_PRODUCT = YES;
			};
			name = Release;
		};
		A96B5F7B24694B9C00D17199 /* Debug */ = {
			isa = XCBuildConfiguration;
			buildSettings = {
				ASSETCATALOG_COMPILER_APPICON_NAME = AppIcon;
				CODE_SIGN_STYLE = Automatic;
				DEVELOPMENT_TEAM = J5T564JM4P;
				INFOPLIST_FILE = bicalms/Info.plist;
				LD_RUNPATH_SEARCH_PATHS = (
					"$(inherited)",
					"@executable_path/Frameworks",
				);
				PRODUCT_BUNDLE_IDENTIFIER = com.michaeltamsil.bicalms;
				PRODUCT_NAME = "$(TARGET_NAME)";
				SWIFT_VERSION = 5.0;
				TARGETED_DEVICE_FAMILY = 1;
			};
			name = Debug;
		};
		A96B5F7C24694B9C00D17199 /* Release */ = {
			isa = XCBuildConfiguration;
			buildSettings = {
				ASSETCATALOG_COMPILER_APPICON_NAME = AppIcon;
				CODE_SIGN_STYLE = Automatic;
				DEVELOPMENT_TEAM = J5T564JM4P;
				INFOPLIST_FILE = bicalms/Info.plist;
				LD_RUNPATH_SEARCH_PATHS = (
					"$(inherited)",
					"@executable_path/Frameworks",
				);
				PRODUCT_BUNDLE_IDENTIFIER = com.michaeltamsil.bicalms;
				PRODUCT_NAME = "$(TARGET_NAME)";
				SWIFT_VERSION = 5.0;
				TARGETED_DEVICE_FAMILY = 1;
			};
			name = Release;
		};
/* End XCBuildConfiguration section */

/* Begin XCConfigurationList section */
		A96B5F5E24694B9800D17199 /* Build configuration list for PBXProject "bicalms" */ = {
			isa = XCConfigurationList;
			buildConfigurations = (
				A96B5F7824694B9C00D17199 /* Debug */,
				A96B5F7924694B9C00D17199 /* Release */,
			);
			defaultConfigurationIsVisible = 0;
			defaultConfigurationName = Release;
		};
		A96B5F7A24694B9C00D17199 /* Build configuration list for PBXNativeTarget "bicalms" */ = {
			isa = XCConfigurationList;
			buildConfigurations = (
				A96B5F7B24694B9C00D17199 /* Debug */,
				A96B5F7C24694B9C00D17199 /* Release */,
			);
			defaultConfigurationIsVisible = 0;
			defaultConfigurationName = Release;
		};
/* End XCConfigurationList section */

/* Begin XCVersionGroup section */
		A96B5F6F24694B9800D17199 /* bicalms.xcdatamodeld */ = {
			isa = XCVersionGroup;
			children = (
				A96B5F7024694B9800D17199 /* bicalms.xcdatamodel */,
			);
			currentVersion = A96B5F7024694B9800D17199 /* bicalms.xcdatamodel */;
			path = bicalms.xcdatamodeld;
			sourceTree = "<group>";
			versionGroupType = wrapper.xcdatamodel;
		};
/* End XCVersionGroup section */
	};
	rootObject = A96B5F5B24694B9800D17199 /* Project object */;
}
