// !$*UTF8*$!
{
	archiveVersion = 1;
	classes = {
	};
	objectVersion = 50;
	objects = {

/* Begin PBXBuildFile section */
		041FFC66248117D6000B9E5E /* D5 - Curtsy Lunge (left).mp4 in Resources */ = {isa = PBXBuildFile; fileRef = 041FFC58248117D6000B9E5E /* D5 - Curtsy Lunge (left).mp4 */; };
		041FFC67248117D6000B9E5E /* D3 - Overhead Side Knees (right).mp4 in Resources */ = {isa = PBXBuildFile; fileRef = 041FFC59248117D6000B9E5E /* D3 - Overhead Side Knees (right).mp4 */; };
		041FFC68248117D6000B9E5E /* D5 - Curtsy Lunge (right).mp4 in Resources */ = {isa = PBXBuildFile; fileRef = 041FFC5A248117D6000B9E5E /* D5 - Curtsy Lunge (right).mp4 */; };
		041FFC69248117D6000B9E5E /* D2 - Goofy Jacks (right).mp4 in Resources */ = {isa = PBXBuildFile; fileRef = 041FFC5B248117D6000B9E5E /* D2 - Goofy Jacks (right).mp4 */; };
		041FFC6A248117D6000B9E5E /* D2 - Goofy Jacks (left).mp4 in Resources */ = {isa = PBXBuildFile; fileRef = 041FFC5C248117D6000B9E5E /* D2 - Goofy Jacks (left).mp4 */; };
		041FFC6B248117D6000B9E5E /* D7 - Lunge.mp4 in Resources */ = {isa = PBXBuildFile; fileRef = 041FFC5D248117D6000B9E5E /* D7 - Lunge.mp4 */; };
		041FFC6C248117D6000B9E5E /* D3 - Overhead Side Knees (left).mp4 in Resources */ = {isa = PBXBuildFile; fileRef = 041FFC5E248117D6000B9E5E /* D3 - Overhead Side Knees (left).mp4 */; };
		041FFC6D248117D6000B9E5E /* D4 - Flying Fast Ups (left).mp4 in Resources */ = {isa = PBXBuildFile; fileRef = 041FFC5F248117D6000B9E5E /* D4 - Flying Fast Ups (left).mp4 */; };
		041FFC6E248117D6000B9E5E /* D9 - Burpees.mp4 in Resources */ = {isa = PBXBuildFile; fileRef = 041FFC60248117D6000B9E5E /* D9 - Burpees.mp4 */; };
		041FFC6F248117D6000B9E5E /* D4 - Flying Fast Ups (right).mp4 in Resources */ = {isa = PBXBuildFile; fileRef = 041FFC61248117D6000B9E5E /* D4 - Flying Fast Ups (right).mp4 */; };
		041FFC70248117D6000B9E5E /* D6 - Mountain Walkers.mp4 in Resources */ = {isa = PBXBuildFile; fileRef = 041FFC62248117D6000B9E5E /* D6 - Mountain Walkers.mp4 */; };
		041FFC71248117D6000B9E5E /* D1 - Toy Soldiers.mp4 in Resources */ = {isa = PBXBuildFile; fileRef = 041FFC63248117D6000B9E5E /* D1 - Toy Soldiers.mp4 */; };
		041FFC72248117D6000B9E5E /* D10 - Jumping Jacks.mp4 in Resources */ = {isa = PBXBuildFile; fileRef = 041FFC64248117D6000B9E5E /* D10 - Jumping Jacks.mp4 */; };
		041FFC73248117D6000B9E5E /* D8 - Pop Squats.mp4 in Resources */ = {isa = PBXBuildFile; fileRef = 041FFC65248117D6000B9E5E /* D8 - Pop Squats.mp4 */; };
		0423CB592477CF43009659C2 /* Run Animation.mp4 in Resources */ = {isa = PBXBuildFile; fileRef = 0423CB582477CF43009659C2 /* Run Animation.mp4 */; };
		042B6BBC247B763E00FF7F57 /* Bicalms Icon.png in Resources */ = {isa = PBXBuildFile; fileRef = 042B6BBB247B763E00FF7F57 /* Bicalms Icon.png */; };
		04CB4CFB247CB15100949104 /* OutdoorExercise.swift in Sources */ = {isa = PBXBuildFile; fileRef = 04CB4CFA247CB15100949104 /* OutdoorExercise.swift */; };
		04CB4CFF247CDD0D00949104 /* On Boarding 3.png in Resources */ = {isa = PBXBuildFile; fileRef = 04CB4CFC247CDD0C00949104 /* On Boarding 3.png */; };
		04CB4D00247CDD0D00949104 /* On Boarding 2.png in Resources */ = {isa = PBXBuildFile; fileRef = 04CB4CFD247CDD0C00949104 /* On Boarding 2.png */; };
		04CB4D01247CDD0D00949104 /* On Boarding 1.png in Resources */ = {isa = PBXBuildFile; fileRef = 04CB4CFE247CDD0C00949104 /* On Boarding 1.png */; };
		04CB4D03247CDDAA00949104 /* IndoorExercise.swift in Sources */ = {isa = PBXBuildFile; fileRef = 04CB4D02247CDDAA00949104 /* IndoorExercise.swift */; };
		04CB4D05247D453500949104 /* OutdoorAnimation.swift in Sources */ = {isa = PBXBuildFile; fileRef = 04CB4D04247D453500949104 /* OutdoorAnimation.swift */; };
		04E2DC65247ECD9E001FD0FB /* IndoorAnimation.swift in Sources */ = {isa = PBXBuildFile; fileRef = 04E2DC64247ECD9E001FD0FB /* IndoorAnimation.swift */; };
		04E2DC75247ED3BF001FD0FB /* Jogging Animation.mp4 in Resources */ = {isa = PBXBuildFile; fileRef = 04E2DC68247ED3BF001FD0FB /* Jogging Animation.mp4 */; };
		04E2DC7B247ED3BF001FD0FB /* Walking Animation.mp4 in Resources */ = {isa = PBXBuildFile; fileRef = 04E2DC6E247ED3BF001FD0FB /* Walking Animation.mp4 */; };
		04E2DC7D247ED3BF001FD0FB /* Bike Animation.mp4 in Resources */ = {isa = PBXBuildFile; fileRef = 04E2DC70247ED3BF001FD0FB /* Bike Animation.mp4 */; };
		31379141246B1BB300FDC13E /* Indoor3.png in Resources */ = {isa = PBXBuildFile; fileRef = 3137913D246B1BB300FDC13E /* Indoor3.png */; };
		31379142246B1BB300FDC13E /* Indoor4.png in Resources */ = {isa = PBXBuildFile; fileRef = 3137913E246B1BB300FDC13E /* Indoor4.png */; };
		31379143246B1BB300FDC13E /* Indoor1.png in Resources */ = {isa = PBXBuildFile; fileRef = 3137913F246B1BB300FDC13E /* Indoor1.png */; };
		3137914A246B286000FDC13E /* Jogging.png in Resources */ = {isa = PBXBuildFile; fileRef = 31379146246B285F00FDC13E /* Jogging.png */; };
		3137914B246B286000FDC13E /* Cycling.png in Resources */ = {isa = PBXBuildFile; fileRef = 31379147246B285F00FDC13E /* Cycling.png */; };
		3137914C246B286000FDC13E /* Running.png in Resources */ = {isa = PBXBuildFile; fileRef = 31379148246B285F00FDC13E /* Running.png */; };
		3137914F246B291000FDC13E /* Walking.png in Resources */ = {isa = PBXBuildFile; fileRef = 3137914E246B291000FDC13E /* Walking.png */; };
		31379151246BC0A000FDC13E /* Bicalms Kalem Euy.png in Resources */ = {isa = PBXBuildFile; fileRef = 31379150246BC0A000FDC13E /* Bicalms Kalem Euy.png */; };
		31827340246E264B0097B145 /* Indoor2.png in Resources */ = {isa = PBXBuildFile; fileRef = 3182733F246E264B0097B145 /* Indoor2.png */; };
		31FBF0D92484536300305C65 /* SetPlan.storyboard in Resources */ = {isa = PBXBuildFile; fileRef = 31FBF0D82484536300305C65 /* SetPlan.storyboard */; };
		49BB6086247CEAA000D156EE /* OnBoarding.storyboard in Resources */ = {isa = PBXBuildFile; fileRef = 49BB6085247CEAA000D156EE /* OnBoarding.storyboard */; };
		49BB6FFA247F98DB009BED84 /* OnBoarding.swift in Sources */ = {isa = PBXBuildFile; fileRef = 49BB6FF9247F98DB009BED84 /* OnBoarding.swift */; };
		A94C7FBC247E2FA3002DBFDF /* ProgressPlan.storyboard in Resources */ = {isa = PBXBuildFile; fileRef = A94C7FBB247E2FA3002DBFDF /* ProgressPlan.storyboard */; };
		A94C7FBE247E32C1002DBFDF /* Congratulations.storyboard in Resources */ = {isa = PBXBuildFile; fileRef = A94C7FBD247E32C1002DBFDF /* Congratulations.storyboard */; };
		A96B5F6724694B9800D17199 /* AppDelegate.swift in Sources */ = {isa = PBXBuildFile; fileRef = A96B5F6624694B9800D17199 /* AppDelegate.swift */; };
		A96B5F6924694B9800D17199 /* SceneDelegate.swift in Sources */ = {isa = PBXBuildFile; fileRef = A96B5F6824694B9800D17199 /* SceneDelegate.swift */; };
		A96B5F6B24694B9800D17199 /* ViewController.swift in Sources */ = {isa = PBXBuildFile; fileRef = A96B5F6A24694B9800D17199 /* ViewController.swift */; };
		A96B5F6E24694B9800D17199 /* Main.storyboard in Resources */ = {isa = PBXBuildFile; fileRef = A96B5F6C24694B9800D17199 /* Main.storyboard */; };
		A96B5F7124694B9800D17199 /* bicalms.xcdatamodeld in Sources */ = {isa = PBXBuildFile; fileRef = A96B5F6F24694B9800D17199 /* bicalms.xcdatamodeld */; };
		A96B5F7324694B9C00D17199 /* Assets.xcassets in Resources */ = {isa = PBXBuildFile; fileRef = A96B5F7224694B9C00D17199 /* Assets.xcassets */; };
		A96B5F7624694B9C00D17199 /* LaunchScreen.storyboard in Resources */ = {isa = PBXBuildFile; fileRef = A96B5F7424694B9C00D17199 /* LaunchScreen.storyboard */; };
		A96B5F7E24695B3900D17199 /* ChooseExcercise.storyboard in Resources */ = {isa = PBXBuildFile; fileRef = A96B5F7D24695B3900D17199 /* ChooseExcercise.storyboard */; };
		A96B5F8024695B8A00D17199 /* IndoorExercise.storyboard in Resources */ = {isa = PBXBuildFile; fileRef = A96B5F7F24695B8A00D17199 /* IndoorExercise.storyboard */; };
		A96B5F8224695BA200D17199 /* OutdoorExcercise.storyboard in Resources */ = {isa = PBXBuildFile; fileRef = A96B5F8124695BA200D17199 /* OutdoorExcercise.storyboard */; };
		A974484D247CF947001FFFC7 /* icon in Resources */ = {isa = PBXBuildFile; fileRef = A974484C247CF947001FFFC7 /* icon */; };
		A9744850247D2A6D001FFFC7 /* RoundButton.swift in Sources */ = {isa = PBXBuildFile; fileRef = A974484F247D2A6D001FFFC7 /* RoundButton.swift */; };
		A9DF4933247BF58E00189CE5 /* ChooseExcerciseDetail.storyboard in Resources */ = {isa = PBXBuildFile; fileRef = A9DF4932247BF58E00189CE5 /* ChooseExcerciseDetail.storyboard */; };
		A9FB2A2324793F2E006CEBDE /* SwiftUIView.swift in Sources */ = {isa = PBXBuildFile; fileRef = A9FB2A2224793F2E006CEBDE /* SwiftUIView.swift */; };
/* End PBXBuildFile section */

/* Begin PBXFileReference section */
		041FFC58248117D6000B9E5E /* D5 - Curtsy Lunge (left).mp4 */ = {isa = PBXFileReference; lastKnownFileType = file; path = "D5 - Curtsy Lunge (left).mp4"; sourceTree = "<group>"; };
		041FFC59248117D6000B9E5E /* D3 - Overhead Side Knees (right).mp4 */ = {isa = PBXFileReference; lastKnownFileType = file; path = "D3 - Overhead Side Knees (right).mp4"; sourceTree = "<group>"; };
		041FFC5A248117D6000B9E5E /* D5 - Curtsy Lunge (right).mp4 */ = {isa = PBXFileReference; lastKnownFileType = file; path = "D5 - Curtsy Lunge (right).mp4"; sourceTree = "<group>"; };
		041FFC5B248117D6000B9E5E /* D2 - Goofy Jacks (right).mp4 */ = {isa = PBXFileReference; lastKnownFileType = file; path = "D2 - Goofy Jacks (right).mp4"; sourceTree = "<group>"; };
		041FFC5C248117D6000B9E5E /* D2 - Goofy Jacks (left).mp4 */ = {isa = PBXFileReference; lastKnownFileType = file; path = "D2 - Goofy Jacks (left).mp4"; sourceTree = "<group>"; };
		041FFC5D248117D6000B9E5E /* D7 - Lunge.mp4 */ = {isa = PBXFileReference; lastKnownFileType = file; path = "D7 - Lunge.mp4"; sourceTree = "<group>"; };
		041FFC5E248117D6000B9E5E /* D3 - Overhead Side Knees (left).mp4 */ = {isa = PBXFileReference; lastKnownFileType = file; path = "D3 - Overhead Side Knees (left).mp4"; sourceTree = "<group>"; };
		041FFC5F248117D6000B9E5E /* D4 - Flying Fast Ups (left).mp4 */ = {isa = PBXFileReference; lastKnownFileType = file; path = "D4 - Flying Fast Ups (left).mp4"; sourceTree = "<group>"; };
		041FFC60248117D6000B9E5E /* D9 - Burpees.mp4 */ = {isa = PBXFileReference; lastKnownFileType = file; path = "D9 - Burpees.mp4"; sourceTree = "<group>"; };
		041FFC61248117D6000B9E5E /* D4 - Flying Fast Ups (right).mp4 */ = {isa = PBXFileReference; lastKnownFileType = file; path = "D4 - Flying Fast Ups (right).mp4"; sourceTree = "<group>"; };
		041FFC62248117D6000B9E5E /* D6 - Mountain Walkers.mp4 */ = {isa = PBXFileReference; lastKnownFileType = file; path = "D6 - Mountain Walkers.mp4"; sourceTree = "<group>"; };
		041FFC63248117D6000B9E5E /* D1 - Toy Soldiers.mp4 */ = {isa = PBXFileReference; lastKnownFileType = file; path = "D1 - Toy Soldiers.mp4"; sourceTree = "<group>"; };
		041FFC64248117D6000B9E5E /* D10 - Jumping Jacks.mp4 */ = {isa = PBXFileReference; lastKnownFileType = file; path = "D10 - Jumping Jacks.mp4"; sourceTree = "<group>"; };
		041FFC65248117D6000B9E5E /* D8 - Pop Squats.mp4 */ = {isa = PBXFileReference; lastKnownFileType = file; path = "D8 - Pop Squats.mp4"; sourceTree = "<group>"; };
		0423CB582477CF43009659C2 /* Run Animation.mp4 */ = {isa = PBXFileReference; lastKnownFileType = file; path = "Run Animation.mp4"; sourceTree = "<group>"; };
		042B6BBB247B763E00FF7F57 /* Bicalms Icon.png */ = {isa = PBXFileReference; lastKnownFileType = image.png; path = "Bicalms Icon.png"; sourceTree = "<group>"; };
		04CB4CFA247CB15100949104 /* OutdoorExercise.swift */ = {isa = PBXFileReference; lastKnownFileType = sourcecode.swift; path = OutdoorExercise.swift; sourceTree = "<group>"; };
		04CB4CFC247CDD0C00949104 /* On Boarding 3.png */ = {isa = PBXFileReference; lastKnownFileType = image.png; path = "On Boarding 3.png"; sourceTree = "<group>"; };
		04CB4CFD247CDD0C00949104 /* On Boarding 2.png */ = {isa = PBXFileReference; lastKnownFileType = image.png; path = "On Boarding 2.png"; sourceTree = "<group>"; };
		04CB4CFE247CDD0C00949104 /* On Boarding 1.png */ = {isa = PBXFileReference; lastKnownFileType = image.png; path = "On Boarding 1.png"; sourceTree = "<group>"; };
		04CB4D02247CDDAA00949104 /* IndoorExercise.swift */ = {isa = PBXFileReference; lastKnownFileType = sourcecode.swift; path = IndoorExercise.swift; sourceTree = "<group>"; };
		04CB4D04247D453500949104 /* OutdoorAnimation.swift */ = {isa = PBXFileReference; lastKnownFileType = sourcecode.swift; path = OutdoorAnimation.swift; sourceTree = "<group>"; };
		04E2DC64247ECD9E001FD0FB /* IndoorAnimation.swift */ = {isa = PBXFileReference; lastKnownFileType = sourcecode.swift; path = IndoorAnimation.swift; sourceTree = "<group>"; };
		04E2DC68247ED3BF001FD0FB /* Jogging Animation.mp4 */ = {isa = PBXFileReference; lastKnownFileType = file; path = "Jogging Animation.mp4"; sourceTree = "<group>"; };
		04E2DC6E247ED3BF001FD0FB /* Walking Animation.mp4 */ = {isa = PBXFileReference; lastKnownFileType = file; path = "Walking Animation.mp4"; sourceTree = "<group>"; };
		04E2DC70247ED3BF001FD0FB /* Bike Animation.mp4 */ = {isa = PBXFileReference; lastKnownFileType = file; path = "Bike Animation.mp4"; sourceTree = "<group>"; };
		3137913D246B1BB300FDC13E /* Indoor3.png */ = {isa = PBXFileReference; lastKnownFileType = image.png; path = Indoor3.png; sourceTree = "<group>"; };
		3137913E246B1BB300FDC13E /* Indoor4.png */ = {isa = PBXFileReference; lastKnownFileType = image.png; path = Indoor4.png; sourceTree = "<group>"; };
		3137913F246B1BB300FDC13E /* Indoor1.png */ = {isa = PBXFileReference; lastKnownFileType = image.png; path = Indoor1.png; sourceTree = "<group>"; };
		31379146246B285F00FDC13E /* Jogging.png */ = {isa = PBXFileReference; lastKnownFileType = image.png; path = Jogging.png; sourceTree = "<group>"; };
		31379147246B285F00FDC13E /* Cycling.png */ = {isa = PBXFileReference; lastKnownFileType = image.png; path = Cycling.png; sourceTree = "<group>"; };
		31379148246B285F00FDC13E /* Running.png */ = {isa = PBXFileReference; lastKnownFileType = image.png; path = Running.png; sourceTree = "<group>"; };
		3137914E246B291000FDC13E /* Walking.png */ = {isa = PBXFileReference; lastKnownFileType = image.png; path = Walking.png; sourceTree = "<group>"; };
		31379150246BC0A000FDC13E /* Bicalms Kalem Euy.png */ = {isa = PBXFileReference; lastKnownFileType = image.png; path = "Bicalms Kalem Euy.png"; sourceTree = "<group>"; };
		3182733F246E264B0097B145 /* Indoor2.png */ = {isa = PBXFileReference; lastKnownFileType = image.png; path = Indoor2.png; sourceTree = "<group>"; };
		31FBF0D82484536300305C65 /* SetPlan.storyboard */ = {isa = PBXFileReference; fileEncoding = 4; lastKnownFileType = file.storyboard; path = SetPlan.storyboard; sourceTree = "<group>"; };
		49BB6085247CEAA000D156EE /* OnBoarding.storyboard */ = {isa = PBXFileReference; lastKnownFileType = file.storyboard; path = OnBoarding.storyboard; sourceTree = "<group>"; };
		49BB6FF9247F98DB009BED84 /* OnBoarding.swift */ = {isa = PBXFileReference; lastKnownFileType = sourcecode.swift; path = OnBoarding.swift; sourceTree = "<group>"; };
		A94C7FBB247E2FA3002DBFDF /* ProgressPlan.storyboard */ = {isa = PBXFileReference; fileEncoding = 4; lastKnownFileType = file.storyboard; path = ProgressPlan.storyboard; sourceTree = "<group>"; };
		A94C7FBD247E32C1002DBFDF /* Congratulations.storyboard */ = {isa = PBXFileReference; lastKnownFileType = file.storyboard; path = Congratulations.storyboard; sourceTree = "<group>"; };
		A94C7FC3247E33FA002DBFDF /* congratulations.png */ = {isa = PBXFileReference; lastKnownFileType = image.png; path = congratulations.png; sourceTree = "<group>"; };
		A96B5F6324694B9800D17199 /* bicalms.app */ = {isa = PBXFileReference; explicitFileType = wrapper.application; includeInIndex = 0; path = bicalms.app; sourceTree = BUILT_PRODUCTS_DIR; };
		A96B5F6624694B9800D17199 /* AppDelegate.swift */ = {isa = PBXFileReference; lastKnownFileType = sourcecode.swift; path = AppDelegate.swift; sourceTree = "<group>"; };
		A96B5F6824694B9800D17199 /* SceneDelegate.swift */ = {isa = PBXFileReference; lastKnownFileType = sourcecode.swift; path = SceneDelegate.swift; sourceTree = "<group>"; };
		A96B5F6A24694B9800D17199 /* ViewController.swift */ = {isa = PBXFileReference; lastKnownFileType = sourcecode.swift; path = ViewController.swift; sourceTree = "<group>"; };
		A96B5F6D24694B9800D17199 /* Base */ = {isa = PBXFileReference; lastKnownFileType = file.storyboard; name = Base; path = Base.lproj/Main.storyboard; sourceTree = "<group>"; };
		A96B5F7024694B9800D17199 /* bicalms.xcdatamodel */ = {isa = PBXFileReference; lastKnownFileType = wrapper.xcdatamodel; path = bicalms.xcdatamodel; sourceTree = "<group>"; };
		A96B5F7224694B9C00D17199 /* Assets.xcassets */ = {isa = PBXFileReference; lastKnownFileType = folder.assetcatalog; path = Assets.xcassets; sourceTree = "<group>"; };
		A96B5F7524694B9C00D17199 /* Base */ = {isa = PBXFileReference; lastKnownFileType = file.storyboard; name = Base; path = Base.lproj/LaunchScreen.storyboard; sourceTree = "<group>"; };
		A96B5F7724694B9C00D17199 /* Info.plist */ = {isa = PBXFileReference; lastKnownFileType = text.plist.xml; path = Info.plist; sourceTree = "<group>"; };
		A96B5F7D24695B3900D17199 /* ChooseExcercise.storyboard */ = {isa = PBXFileReference; lastKnownFileType = file.storyboard; path = ChooseExcercise.storyboard; sourceTree = "<group>"; };
		A96B5F7F24695B8A00D17199 /* IndoorExercise.storyboard */ = {isa = PBXFileReference; lastKnownFileType = file.storyboard; path = IndoorExercise.storyboard; sourceTree = "<group>"; };
		A96B5F8124695BA200D17199 /* OutdoorExcercise.storyboard */ = {isa = PBXFileReference; lastKnownFileType = file.storyboard; path = OutdoorExcercise.storyboard; sourceTree = "<group>"; };
		A974484C247CF947001FFFC7 /* icon */ = {isa = PBXFileReference; lastKnownFileType = folder; path = icon; sourceTree = "<group>"; };
		A974484F247D2A6D001FFFC7 /* RoundButton.swift */ = {isa = PBXFileReference; lastKnownFileType = sourcecode.swift; path = RoundButton.swift; sourceTree = "<group>"; };
		A9DF4932247BF58E00189CE5 /* ChooseExcerciseDetail.storyboard */ = {isa = PBXFileReference; lastKnownFileType = file.storyboard; name = ChooseExcerciseDetail.storyboard; path = bicalms/ChooseExcerciseDetail.storyboard; sourceTree = SOURCE_ROOT; };
		A9FB2A2224793F2E006CEBDE /* SwiftUIView.swift */ = {isa = PBXFileReference; lastKnownFileType = sourcecode.swift; path = SwiftUIView.swift; sourceTree = "<group>"; };
/* End PBXFileReference section */

/* Begin PBXFrameworksBuildPhase section */
		A96B5F6024694B9800D17199 /* Frameworks */ = {
			isa = PBXFrameworksBuildPhase;
			buildActionMask = 2147483647;
			files = (
			);
			runOnlyForDeploymentPostprocessing = 0;
		};
/* End PBXFrameworksBuildPhase section */

/* Begin PBXGroup section */
		041FFC74248117E4000B9E5E /* Indoor Animation */ = {
			isa = PBXGroup;
			children = (
				041FFC63248117D6000B9E5E /* D1 - Toy Soldiers.mp4 */,
				041FFC5C248117D6000B9E5E /* D2 - Goofy Jacks (left).mp4 */,
				041FFC5B248117D6000B9E5E /* D2 - Goofy Jacks (right).mp4 */,
				041FFC5E248117D6000B9E5E /* D3 - Overhead Side Knees (left).mp4 */,
				041FFC59248117D6000B9E5E /* D3 - Overhead Side Knees (right).mp4 */,
				041FFC5F248117D6000B9E5E /* D4 - Flying Fast Ups (left).mp4 */,
				041FFC61248117D6000B9E5E /* D4 - Flying Fast Ups (right).mp4 */,
				041FFC58248117D6000B9E5E /* D5 - Curtsy Lunge (left).mp4 */,
				041FFC5A248117D6000B9E5E /* D5 - Curtsy Lunge (right).mp4 */,
				041FFC62248117D6000B9E5E /* D6 - Mountain Walkers.mp4 */,
				041FFC5D248117D6000B9E5E /* D7 - Lunge.mp4 */,
				041FFC65248117D6000B9E5E /* D8 - Pop Squats.mp4 */,
				041FFC60248117D6000B9E5E /* D9 - Burpees.mp4 */,
				041FFC64248117D6000B9E5E /* D10 - Jumping Jacks.mp4 */,
			);
			path = "Indoor Animation";
			sourceTree = "<group>";
		};
		041FFC762481180A000B9E5E /* Outdoor Animation */ = {
			isa = PBXGroup;
			children = (
				04E2DC6E247ED3BF001FD0FB /* Walking Animation.mp4 */,
				04E2DC68247ED3BF001FD0FB /* Jogging Animation.mp4 */,
				0423CB582477CF43009659C2 /* Run Animation.mp4 */,
				04E2DC70247ED3BF001FD0FB /* Bike Animation.mp4 */,
			);
			path = "Outdoor Animation";
			sourceTree = "<group>";
		};
		3137913B246B1B6600FDC13E /* Image and Video */ = {
			isa = PBXGroup;
			children = (
				041FFC762481180A000B9E5E /* Outdoor Animation */,
				041FFC74248117E4000B9E5E /* Indoor Animation */,
				A974484C247CF947001FFFC7 /* icon */,
				A94C7FC3247E33FA002DBFDF /* congratulations.png */,
				04CB4CFE247CDD0C00949104 /* On Boarding 1.png */,
				04CB4CFD247CDD0C00949104 /* On Boarding 2.png */,
				04CB4CFC247CDD0C00949104 /* On Boarding 3.png */,
				3137913F246B1BB300FDC13E /* Indoor1.png */,
				3182733F246E264B0097B145 /* Indoor2.png */,
				3137913D246B1BB300FDC13E /* Indoor3.png */,
				3137913E246B1BB300FDC13E /* Indoor4.png */,
				31379147246B285F00FDC13E /* Cycling.png */,
				31379146246B285F00FDC13E /* Jogging.png */,
				3137914E246B291000FDC13E /* Walking.png */,
				31379148246B285F00FDC13E /* Running.png */,
				042B6BBB247B763E00FF7F57 /* Bicalms Icon.png */,
				31379150246BC0A000FDC13E /* Bicalms Kalem Euy.png */,
			);
			path = "Image and Video";
			sourceTree = "<group>";
		};
		A96B5F5A24694B9800D17199 = {
			isa = PBXGroup;
			children = (
				A96B5F6524694B9800D17199 /* bicalms */,
				A96B5F6424694B9800D17199 /* Products */,
				3137913B246B1B6600FDC13E /* Image and Video */,
			);
			sourceTree = "<group>";
		};
		A96B5F6424694B9800D17199 /* Products */ = {
			isa = PBXGroup;
			children = (
				A96B5F6324694B9800D17199 /* bicalms.app */,
			);
			name = Products;
			sourceTree = "<group>";
		};
		A96B5F6524694B9800D17199 /* bicalms */ = {
			isa = PBXGroup;
			children = (
				A974484E247D2A3B001FFFC7 /* Library */,
				A96B5F6624694B9800D17199 /* AppDelegate.swift */,
				A94C7FBD247E32C1002DBFDF /* Congratulations.storyboard */,
				A96B5F6824694B9800D17199 /* SceneDelegate.swift */,
				A96B5F6A24694B9800D17199 /* ViewController.swift */,
				A96B5F6C24694B9800D17199 /* Main.storyboard */,
				A96B5F7D24695B3900D17199 /* ChooseExcercise.storyboard */,
				49BB6085247CEAA000D156EE /* OnBoarding.storyboard */,
				49BB6FF9247F98DB009BED84 /* OnBoarding.swift */,
				A9DF4932247BF58E00189CE5 /* ChooseExcerciseDetail.storyboard */,
				A96B5F7F24695B8A00D17199 /* IndoorExercise.storyboard */,
				04CB4D02247CDDAA00949104 /* IndoorExercise.swift */,
				04E2DC64247ECD9E001FD0FB /* IndoorAnimation.swift */,
				A94C7FBB247E2FA3002DBFDF /* ProgressPlan.storyboard */,
				A96B5F8124695BA200D17199 /* OutdoorExcercise.storyboard */,
				04CB4CFA247CB15100949104 /* OutdoorExercise.swift */,
				04CB4D04247D453500949104 /* OutdoorAnimation.swift */,
				31FBF0D82484536300305C65 /* SetPlan.storyboard */,
				A96B5F7424694B9C00D17199 /* LaunchScreen.storyboard */,
				A96B5F7224694B9C00D17199 /* Assets.xcassets */,
				A96B5F7724694B9C00D17199 /* Info.plist */,
				A96B5F6F24694B9800D17199 /* bicalms.xcdatamodeld */,
				A9FB2A2224793F2E006CEBDE /* SwiftUIView.swift */,
			);
			path = bicalms;
			sourceTree = "<group>";
		};
		A974484E247D2A3B001FFFC7 /* Library */ = {
			isa = PBXGroup;
			children = (
				A974484F247D2A6D001FFFC7 /* RoundButton.swift */,
			);
			path = Library;
			sourceTree = "<group>";
		};
/* End PBXGroup section */

/* Begin PBXNativeTarget section */
		A96B5F6224694B9800D17199 /* bicalms */ = {
			isa = PBXNativeTarget;
			buildConfigurationList = A96B5F7A24694B9C00D17199 /* Build configuration list for PBXNativeTarget "bicalms" */;
			buildPhases = (
				A96B5F5F24694B9800D17199 /* Sources */,
				A96B5F6024694B9800D17199 /* Frameworks */,
				A96B5F6124694B9800D17199 /* Resources */,
			);
			buildRules = (
			);
			dependencies = (
			);
			name = bicalms;
			productName = bicalms;
			productReference = A96B5F6324694B9800D17199 /* bicalms.app */;
			productType = "com.apple.product-type.application";
		};
/* End PBXNativeTarget section */

/* Begin PBXProject section */
		A96B5F5B24694B9800D17199 /* Project object */ = {
			isa = PBXProject;
			attributes = {
				LastSwiftUpdateCheck = 1140;
				LastUpgradeCheck = 1140;
				ORGANIZATIONNAME = "michael tamsil";
				TargetAttributes = {
					A96B5F6224694B9800D17199 = {
						CreatedOnToolsVersion = 11.4;
					};
				};
			};
			buildConfigurationList = A96B5F5E24694B9800D17199 /* Build configuration list for PBXProject "bicalms" */;
			compatibilityVersion = "Xcode 9.3";
			developmentRegion = en;
			hasScannedForEncodings = 0;
			knownRegions = (
				en,
				Base,
			);
			mainGroup = A96B5F5A24694B9800D17199;
			productRefGroup = A96B5F6424694B9800D17199 /* Products */;
			projectDirPath = "";
			projectRoot = "";
			targets = (
				A96B5F6224694B9800D17199 /* bicalms */,
			);
		};
/* End PBXProject section */

/* Begin PBXResourcesBuildPhase section */
		A96B5F6124694B9800D17199 /* Resources */ = {
			isa = PBXResourcesBuildPhase;
			buildActionMask = 2147483647;
			files = (
				04E2DC7B247ED3BF001FD0FB /* Walking Animation.mp4 in Resources */,
				041FFC6F248117D6000B9E5E /* D4 - Flying Fast Ups (right).mp4 in Resources */,
				31379142246B1BB300FDC13E /* Indoor4.png in Resources */,
				31379141246B1BB300FDC13E /* Indoor3.png in Resources */,
				A94C7FBC247E2FA3002DBFDF /* ProgressPlan.storyboard in Resources */,
				A96B5F8024695B8A00D17199 /* IndoorExercise.storyboard in Resources */,
				04E2DC75247ED3BF001FD0FB /* Jogging Animation.mp4 in Resources */,
				A96B5F7624694B9C00D17199 /* LaunchScreen.storyboard in Resources */,
				041FFC6C248117D6000B9E5E /* D3 - Overhead Side Knees (left).mp4 in Resources */,
				A96B5F7E24695B3900D17199 /* ChooseExcercise.storyboard in Resources */,
				31827340246E264B0097B145 /* Indoor2.png in Resources */,
				041FFC70248117D6000B9E5E /* D6 - Mountain Walkers.mp4 in Resources */,
				04CB4D00247CDD0D00949104 /* On Boarding 2.png in Resources */,
				A94C7FBE247E32C1002DBFDF /* Congratulations.storyboard in Resources */,
				A9DF4933247BF58E00189CE5 /* ChooseExcerciseDetail.storyboard in Resources */,
				041FFC6E248117D6000B9E5E /* D9 - Burpees.mp4 in Resources */,
				041FFC72248117D6000B9E5E /* D10 - Jumping Jacks.mp4 in Resources */,
				31379151246BC0A000FDC13E /* Bicalms Kalem Euy.png in Resources */,
				041FFC6B248117D6000B9E5E /* D7 - Lunge.mp4 in Resources */,
				3137914A246B286000FDC13E /* Jogging.png in Resources */,
				A96B5F7324694B9C00D17199 /* Assets.xcassets in Resources */,
				A96B5F6E24694B9800D17199 /* Main.storyboard in Resources */,
				041FFC67248117D6000B9E5E /* D3 - Overhead Side Knees (right).mp4 in Resources */,
				3137914F246B291000FDC13E /* Walking.png in Resources */,
				31FBF0D92484536300305C65 /* SetPlan.storyboard in Resources */,
				04CB4D01247CDD0D00949104 /* On Boarding 1.png in Resources */,
				041FFC66248117D6000B9E5E /* D5 - Curtsy Lunge (left).mp4 in Resources */,
				31379143246B1BB300FDC13E /* Indoor1.png in Resources */,
				3137914C246B286000FDC13E /* Running.png in Resources */,
				041FFC68248117D6000B9E5E /* D5 - Curtsy Lunge (right).mp4 in Resources */,
				041FFC6A248117D6000B9E5E /* D2 - Goofy Jacks (left).mp4 in Resources */,
				041FFC69248117D6000B9E5E /* D2 - Goofy Jacks (right).mp4 in Resources */,
				041FFC71248117D6000B9E5E /* D1 - Toy Soldiers.mp4 in Resources */,
				A974484D247CF947001FFFC7 /* icon in Resources */,
				04CB4CFF247CDD0D00949104 /* On Boarding 3.png in Resources */,
				A96B5F8224695BA200D17199 /* OutdoorExcercise.storyboard in Resources */,
				3137914B246B286000FDC13E /* Cycling.png in Resources */,
				04E2DC7D247ED3BF001FD0FB /* Bike Animation.mp4 in Resources */,
				041FFC6D248117D6000B9E5E /* D4 - Flying Fast Ups (left).mp4 in Resources */,
				042B6BBC247B763E00FF7F57 /* Bicalms Icon.png in Resources */,
				0423CB592477CF43009659C2 /* Run Animation.mp4 in Resources */,
				49BB6086247CEAA000D156EE /* OnBoarding.storyboard in Resources */,
				041FFC73248117D6000B9E5E /* D8 - Pop Squats.mp4 in Resources */,
			);
			runOnlyForDeploymentPostprocessing = 0;
		};
/* End PBXResourcesBuildPhase section */

/* Begin PBXSourcesBuildPhase section */
		A96B5F5F24694B9800D17199 /* Sources */ = {
			isa = PBXSourcesBuildPhase;
			buildActionMask = 2147483647;
			files = (
				A96B5F6B24694B9800D17199 /* ViewController.swift in Sources */,
				04CB4CFB247CB15100949104 /* OutdoorExercise.swift in Sources */,
				04E2DC65247ECD9E001FD0FB /* IndoorAnimation.swift in Sources */,
				A96B5F6724694B9800D17199 /* AppDelegate.swift in Sources */,
				A96B5F6924694B9800D17199 /* SceneDelegate.swift in Sources */,
				A96B5F7124694B9800D17199 /* bicalms.xcdatamodeld in Sources */,
				49BB6FFA247F98DB009BED84 /* OnBoarding.swift in Sources */,
				04CB4D05247D453500949104 /* OutdoorAnimation.swift in Sources */,
				04CB4D03247CDDAA00949104 /* IndoorExercise.swift in Sources */,
				A9744850247D2A6D001FFFC7 /* RoundButton.swift in Sources */,
				A96B5F6724694B9800D17199 /* AppDelegate.swift in Sources */,
				A96B5F6924694B9800D17199 /* SceneDelegate.swift in Sources */,
				A96B5F7124694B9800D17199 /* bicalms.xcdatamodeld in Sources */,
				A9FB2A2324793F2E006CEBDE /* SwiftUIView.swift in Sources */,
			);
			runOnlyForDeploymentPostprocessing = 0;
		};
/* End PBXSourcesBuildPhase section */

/* Begin PBXVariantGroup section */
		A96B5F6C24694B9800D17199 /* Main.storyboard */ = {
			isa = PBXVariantGroup;
			children = (
				A96B5F6D24694B9800D17199 /* Base */,
			);
			name = Main.storyboard;
			sourceTree = "<group>";
		};
		A96B5F7424694B9C00D17199 /* LaunchScreen.storyboard */ = {
			isa = PBXVariantGroup;
			children = (
				A96B5F7524694B9C00D17199 /* Base */,
			);
			name = LaunchScreen.storyboard;
			sourceTree = "<group>";
		};
/* End PBXVariantGroup section */

/* Begin XCBuildConfiguration section */
		A96B5F7824694B9C00D17199 /* Debug */ = {
			isa = XCBuildConfiguration;
			buildSettings = {
				ALWAYS_SEARCH_USER_PATHS = NO;
				CLANG_ANALYZER_NONNULL = YES;
				CLANG_ANALYZER_NUMBER_OBJECT_CONVERSION = YES_AGGRESSIVE;
				CLANG_CXX_LANGUAGE_STANDARD = "gnu++14";
				CLANG_CXX_LIBRARY = "libc++";
				CLANG_ENABLE_MODULES = YES;
				CLANG_ENABLE_OBJC_ARC = YES;
				CLANG_ENABLE_OBJC_WEAK = YES;
				CLANG_WARN_BLOCK_CAPTURE_AUTORELEASING = YES;
				CLANG_WARN_BOOL_CONVERSION = YES;
				CLANG_WARN_COMMA = YES;
				CLANG_WARN_CONSTANT_CONVERSION = YES;
				CLANG_WARN_DEPRECATED_OBJC_IMPLEMENTATIONS = YES;
				CLANG_WARN_DIRECT_OBJC_ISA_USAGE = YES_ERROR;
				CLANG_WARN_DOCUMENTATION_COMMENTS = YES;
				CLANG_WARN_EMPTY_BODY = YES;
				CLANG_WARN_ENUM_CONVERSION = YES;
				CLANG_WARN_INFINITE_RECURSION = YES;
				CLANG_WARN_INT_CONVERSION = YES;
				CLANG_WARN_NON_LITERAL_NULL_CONVERSION = YES;
				CLANG_WARN_OBJC_IMPLICIT_RETAIN_SELF = YES;
				CLANG_WARN_OBJC_LITERAL_CONVERSION = YES;
				CLANG_WARN_OBJC_ROOT_CLASS = YES_ERROR;
				CLANG_WARN_RANGE_LOOP_ANALYSIS = YES;
				CLANG_WARN_STRICT_PROTOTYPES = YES;
				CLANG_WARN_SUSPICIOUS_MOVE = YES;
				CLANG_WARN_UNGUARDED_AVAILABILITY = YES_AGGRESSIVE;
				CLANG_WARN_UNREACHABLE_CODE = YES;
				CLANG_WARN__DUPLICATE_METHOD_MATCH = YES;
				COPY_PHASE_STRIP = NO;
				DEBUG_INFORMATION_FORMAT = dwarf;
				ENABLE_STRICT_OBJC_MSGSEND = YES;
				ENABLE_TESTABILITY = YES;
				GCC_C_LANGUAGE_STANDARD = gnu11;
				GCC_DYNAMIC_NO_PIC = NO;
				GCC_NO_COMMON_BLOCKS = YES;
				GCC_OPTIMIZATION_LEVEL = 0;
				GCC_PREPROCESSOR_DEFINITIONS = (
					"DEBUG=1",
					"$(inherited)",
				);
				GCC_WARN_64_TO_32_BIT_CONVERSION = YES;
				GCC_WARN_ABOUT_RETURN_TYPE = YES_ERROR;
				GCC_WARN_UNDECLARED_SELECTOR = YES;
				GCC_WARN_UNINITIALIZED_AUTOS = YES_AGGRESSIVE;
				GCC_WARN_UNUSED_FUNCTION = YES;
				GCC_WARN_UNUSED_VARIABLE = YES;
				IPHONEOS_DEPLOYMENT_TARGET = 13.4;
				MTL_ENABLE_DEBUG_INFO = INCLUDE_SOURCE;
				MTL_FAST_MATH = YES;
				ONLY_ACTIVE_ARCH = YES;
				SDKROOT = iphoneos;
				SWIFT_ACTIVE_COMPILATION_CONDITIONS = DEBUG;
				SWIFT_OPTIMIZATION_LEVEL = "-Onone";
			};
			name = Debug;
		};
		A96B5F7924694B9C00D17199 /* Release */ = {
			isa = XCBuildConfiguration;
			buildSettings = {
				ALWAYS_SEARCH_USER_PATHS = NO;
				CLANG_ANALYZER_NONNULL = YES;
				CLANG_ANALYZER_NUMBER_OBJECT_CONVERSION = YES_AGGRESSIVE;
				CLANG_CXX_LANGUAGE_STANDARD = "gnu++14";
				CLANG_CXX_LIBRARY = "libc++";
				CLANG_ENABLE_MODULES = YES;
				CLANG_ENABLE_OBJC_ARC = YES;
				CLANG_ENABLE_OBJC_WEAK = YES;
				CLANG_WARN_BLOCK_CAPTURE_AUTORELEASING = YES;
				CLANG_WARN_BOOL_CONVERSION = YES;
				CLANG_WARN_COMMA = YES;
				CLANG_WARN_CONSTANT_CONVERSION = YES;
				CLANG_WARN_DEPRECATED_OBJC_IMPLEMENTATIONS = YES;
				CLANG_WARN_DIRECT_OBJC_ISA_USAGE = YES_ERROR;
				CLANG_WARN_DOCUMENTATION_COMMENTS = YES;
				CLANG_WARN_EMPTY_BODY = YES;
				CLANG_WARN_ENUM_CONVERSION = YES;
				CLANG_WARN_INFINITE_RECURSION = YES;
				CLANG_WARN_INT_CONVERSION = YES;
				CLANG_WARN_NON_LITERAL_NULL_CONVERSION = YES;
				CLANG_WARN_OBJC_IMPLICIT_RETAIN_SELF = YES;
				CLANG_WARN_OBJC_LITERAL_CONVERSION = YES;
				CLANG_WARN_OBJC_ROOT_CLASS = YES_ERROR;
				CLANG_WARN_RANGE_LOOP_ANALYSIS = YES;
				CLANG_WARN_STRICT_PROTOTYPES = YES;
				CLANG_WARN_SUSPICIOUS_MOVE = YES;
				CLANG_WARN_UNGUARDED_AVAILABILITY = YES_AGGRESSIVE;
				CLANG_WARN_UNREACHABLE_CODE = YES;
				CLANG_WARN__DUPLICATE_METHOD_MATCH = YES;
				COPY_PHASE_STRIP = NO;
				DEBUG_INFORMATION_FORMAT = "dwarf-with-dsym";
				ENABLE_NS_ASSERTIONS = NO;
				ENABLE_STRICT_OBJC_MSGSEND = YES;
				GCC_C_LANGUAGE_STANDARD = gnu11;
				GCC_NO_COMMON_BLOCKS = YES;
				GCC_WARN_64_TO_32_BIT_CONVERSION = YES;
				GCC_WARN_ABOUT_RETURN_TYPE = YES_ERROR;
				GCC_WARN_UNDECLARED_SELECTOR = YES;
				GCC_WARN_UNINITIALIZED_AUTOS = YES_AGGRESSIVE;
				GCC_WARN_UNUSED_FUNCTION = YES;
				GCC_WARN_UNUSED_VARIABLE = YES;
				IPHONEOS_DEPLOYMENT_TARGET = 13.4;
				MTL_ENABLE_DEBUG_INFO = NO;
				MTL_FAST_MATH = YES;
				SDKROOT = iphoneos;
				SWIFT_COMPILATION_MODE = wholemodule;
				SWIFT_OPTIMIZATION_LEVEL = "-O";
				VALIDATE_PRODUCT = YES;
			};
			name = Release;
		};
		A96B5F7B24694B9C00D17199 /* Debug */ = {
			isa = XCBuildConfiguration;
			buildSettings = {
				ASSETCATALOG_COMPILER_APPICON_NAME = AppIcon;
				CODE_SIGN_STYLE = Automatic;
				DEVELOPMENT_TEAM = J5T564JM4P;
				INFOPLIST_FILE = bicalms/Info.plist;
				IPHONEOS_DEPLOYMENT_TARGET = 13.2;
				LD_RUNPATH_SEARCH_PATHS = (
					"$(inherited)",
					"@executable_path/Frameworks",
				);
				PRODUCT_BUNDLE_IDENTIFIER = com.michaeltamsil.bicalms;
				PRODUCT_NAME = "$(TARGET_NAME)";
				SWIFT_VERSION = 5.0;
				TARGETED_DEVICE_FAMILY = 1;
			};
			name = Debug;
		};
		A96B5F7C24694B9C00D17199 /* Release */ = {
			isa = XCBuildConfiguration;
			buildSettings = {
				ASSETCATALOG_COMPILER_APPICON_NAME = AppIcon;
				CODE_SIGN_STYLE = Automatic;
				DEVELOPMENT_TEAM = J5T564JM4P;
				INFOPLIST_FILE = bicalms/Info.plist;
				IPHONEOS_DEPLOYMENT_TARGET = 13.2;
				LD_RUNPATH_SEARCH_PATHS = (
					"$(inherited)",
					"@executable_path/Frameworks",
				);
				PRODUCT_BUNDLE_IDENTIFIER = com.michaeltamsil.bicalms;
				PRODUCT_NAME = "$(TARGET_NAME)";
				SWIFT_VERSION = 5.0;
				TARGETED_DEVICE_FAMILY = 1;
			};
			name = Release;
		};
/* End XCBuildConfiguration section */

/* Begin XCConfigurationList section */
		A96B5F5E24694B9800D17199 /* Build configuration list for PBXProject "bicalms" */ = {
			isa = XCConfigurationList;
			buildConfigurations = (
				A96B5F7824694B9C00D17199 /* Debug */,
				A96B5F7924694B9C00D17199 /* Release */,
			);
			defaultConfigurationIsVisible = 0;
			defaultConfigurationName = Release;
		};
		A96B5F7A24694B9C00D17199 /* Build configuration list for PBXNativeTarget "bicalms" */ = {
			isa = XCConfigurationList;
			buildConfigurations = (
				A96B5F7B24694B9C00D17199 /* Debug */,
				A96B5F7C24694B9C00D17199 /* Release */,
			);
			defaultConfigurationIsVisible = 0;
			defaultConfigurationName = Release;
		};
/* End XCConfigurationList section */

/* Begin XCVersionGroup section */
		A96B5F6F24694B9800D17199 /* bicalms.xcdatamodeld */ = {
			isa = XCVersionGroup;
			children = (
				A96B5F7024694B9800D17199 /* bicalms.xcdatamodel */,
			);
			currentVersion = A96B5F7024694B9800D17199 /* bicalms.xcdatamodel */;
			path = bicalms.xcdatamodeld;
			sourceTree = "<group>";
			versionGroupType = wrapper.xcdatamodel;
		};
/* End XCVersionGroup section */
	};
	rootObject = A96B5F5B24694B9800D17199 /* Project object */;
}
